
Microsoft Visual Studio Solution File, Format Version 12.00
# Visual Studio Version 17
VisualStudioVersion = 17.9.34728.123
MinimumVisualStudioVersion = 10.0.40219.1
Project("{8BC9CEB8-8B4A-11D0-8D11-00A0C91BC942}") = "Fun", "Fun\Fun.vcxproj", "{2DDE6C4D-AF86-4DF8-A9E5-AD6424319203}"
EndProject
Global
	GlobalSection(SolutionConfigurationPlatforms) = preSolution
		Debug|x64 = Debug|x64
		Debug|x86 = Debug|x86
		Release|x64 = Release|x64
		Release|x86 = Release|x86
	EndGlobalSection
	GlobalSection(ProjectConfigurationPlatforms) = postSolution
		{2DDE6C4D-AF86-4DF8-A9E5-AD6424319203}.Debug|x64.ActiveCfg = Debug|x64
		{2DDE6C4D-AF86-4DF8-A9E5-AD6424319203}.Debug|x64.Build.0 = Debug|x64
		{2DDE6C4D-AF86-4DF8-A9E5-AD6424319203}.Debug|x86.ActiveCfg = Debug|Win32
		{2DDE6C4D-AF86-4DF8-A9E5-AD6424319203}.Debug|x86.Build.0 = Debug|Win32
		{2DDE6C4D-AF86-4DF8-A9E5-AD6424319203}.Release|x64.ActiveCfg = Release|x64
		{2DDE6C4D-AF86-4DF8-A9E5-AD6424319203}.Release|x64.Build.0 = Release|x64
		{2DDE6C4D-AF86-4DF8-A9E5-AD6424319203}.Release|x86.ActiveCfg = Release|Win32
		{2DDE6C4D-AF86-4DF8-A9E5-AD6424319203}.Release|x86.Build.0 = Release|Win32
	EndGlobalSection
	GlobalSection(SolutionProperties) = preSolution
		HideSolutionNode = FALSE
	EndGlobalSection
	GlobalSection(ExtensibilityGlobals) = postSolution
		SolutionGuid = {464871B1-51DB-449D-BE6F-8177A2FCBAC5}
	EndGlobalSection
EndGlobal
